Microsoft Visual Studio Solution File, Format Version 12.00
# Visual Studio Version 17
VisualStudioVersion = 17.5.2.0
MinimumVisualStudioVersion = 10.0.40219.1
Project("{FAE04EC0-301F-11D3-BF4B-00C04F79EFBC}") = "backend_tour_website", "backend_tour_website.csproj", "{D576778D-EECF-2003-09E0-1D60FE994977}"
EndProject
Global
	GlobalSection(SolutionConfigurationPlatforms) = preSolution
		Debug|Any CPU = Debug|Any CPU
		Release|Any CPU = Release|Any CPU
	EndGlobalSection
	GlobalSection(ProjectConfigurationPlatforms) = postSolution
		{D576778D-EECF-2003-09E0-1D60FE994977}.Debug|Any CPU.ActiveCfg = Debug|Any CPU
		{D576778D-EECF-2003-09E0-1D60FE994977}.Debug|Any CPU.Build.0 = Debug|Any CPU
		{D576778D-EECF-2003-09E0-1D60FE994977}.Release|Any CPU.ActiveCfg = Release|Any CPU
		{D576778D-EECF-2003-09E0-1D60FE994977}.Release|Any CPU.Build.0 = Release|Any CPU
	EndGlobalSection
	GlobalSection(SolutionProperties) = preSolution
		HideSolutionNode = FALSE
	EndGlobalSection
	GlobalSection(ExtensibilityGlobals) = postSolution
		SolutionGuid = {10300B7B-867E-439C-BF43-86CF9703F6D2}
	EndGlobalSection
EndGlobal
